
Microsoft Visual Studio Solution File, Format Version 12.00
# Visual Studio Version 17
VisualStudioVersion = 17.6.33815.320
MinimumVisualStudioVersion = 10.0.40219.1
Project("{FAE04EC0-301F-11D3-BF4B-00C04F79EFBC}") = "SayIt", "SayIt.csproj", "{C0DE0AB4-88F3-44D6-925E-1BF49BEC216F}"
EndProject
Global
	GlobalSection(SolutionConfigurationPlatforms) = preSolution
		Debug|Any CPU = Debug|Any CPU
		Release|Any CPU = Release|Any CPU
	EndGlobalSection
	GlobalSection(ProjectConfigurationPlatforms) = postSolution
		{C0DE0AB4-88F3-44D6-925E-1BF49BEC216F}.Debug|Any CPU.ActiveCfg = Debug|Any CPU
		{C0DE0AB4-88F3-44D6-925E-1BF49BEC216F}.Debug|Any CPU.Build.0 = Debug|Any CPU
		{C0DE0AB4-88F3-44D6-925E-1BF49BEC216F}.Release|Any CPU.ActiveCfg = Release|Any CPU
		{C0DE0AB4-88F3-44D6-925E-1BF49BEC216F}.Release|Any CPU.Build.0 = Release|Any CPU
	EndGlobalSection
	GlobalSection(SolutionProperties) = preSolution
		HideSolutionNode = FALSE
	EndGlobalSection
	GlobalSection(ExtensibilityGlobals) = postSolution
		SolutionGuid = {9763B799-C795-413F-97B8-707A41BD365D}
	EndGlobalSection
EndGlobal
